
Microsoft Visual Studio Solution File, Format Version 12.00
# Visual Studio Version 16
VisualStudioVersion = 16.0.30804.86
MinimumVisualStudioVersion = 10.0.40219.1
Project("{FAE04EC0-301F-11D3-BF4B-00C04F79EFBC}") = "WebSiteBanHangMVC", "WebSiteBanHangMVC\WebSiteBanHangMVC.csproj", "{B4C4CE77-25F3-462D-8508-1E1458D38714}"
EndProject
Global
	GlobalSection(SolutionConfigurationPlatforms) = preSolution
		Debug|Any CPU = Debug|Any CPU
		Release|Any CPU = Release|Any CPU
	EndGlobalSection
	GlobalSection(ProjectConfigurationPlatforms) = postSolution
		{B4C4CE77-25F3-462D-8508-1E1458D38714}.Debug|Any CPU.ActiveCfg = Debug|Any CPU
		{B4C4CE77-25F3-462D-8508-1E1458D38714}.Debug|Any CPU.Build.0 = Debug|Any CPU
		{B4C4CE77-25F3-462D-8508-1E1458D38714}.Release|Any CPU.ActiveCfg = Release|Any CPU
		{B4C4CE77-25F3-462D-8508-1E1458D38714}.Release|Any CPU.Build.0 = Release|Any CPU
	EndGlobalSection
	GlobalSection(SolutionProperties) = preSolution
		HideSolutionNode = FALSE
	EndGlobalSection
	GlobalSection(ExtensibilityGlobals) = postSolution
		SolutionGuid = {4DEA1D9B-9B3C-47C3-835A-FAE7EA2EA770}
	EndGlobalSection
EndGlobal
